
Microsoft Visual Studio Solution File, Format Version 12.00
# Visual Studio Version 17
VisualStudioVersion = 17.0.31912.275
MinimumVisualStudioVersion = 10.0.40219.1
Project("{FAE04EC0-301F-11D3-BF4B-00C04F79EFBC}") = "BinarySearch-BinarysearchRecursive", "BinarySearch-BinarysearchRecursive\BinarySearch-BinarysearchRecursive.csproj", "{928C2F8C-279F-44A5-9D28-9E0031C4352C}"
EndProject
Global
	GlobalSection(SolutionConfigurationPlatforms) = preSolution
		Debug|Any CPU = Debug|Any CPU
		Release|Any CPU = Release|Any CPU
	EndGlobalSection
	GlobalSection(ProjectConfigurationPlatforms) = postSolution
		{928C2F8C-279F-44A5-9D28-9E0031C4352C}.Debug|Any CPU.ActiveCfg = Debug|Any CPU
		{928C2F8C-279F-44A5-9D28-9E0031C4352C}.Debug|Any CPU.Build.0 = Debug|Any CPU
		{928C2F8C-279F-44A5-9D28-9E0031C4352C}.Release|Any CPU.ActiveCfg = Release|Any CPU
		{928C2F8C-279F-44A5-9D28-9E0031C4352C}.Release|Any CPU.Build.0 = Release|Any CPU
	EndGlobalSection
	GlobalSection(SolutionProperties) = preSolution
		HideSolutionNode = FALSE
	EndGlobalSection
	GlobalSection(ExtensibilityGlobals) = postSolution
		SolutionGuid = {B30208BA-41AD-41B1-8C76-E45BE3EA22EA}
	EndGlobalSection
EndGlobal
